
Microsoft Visual Studio Solution File, Format Version 12.00
# Visual Studio Version 17
VisualStudioVersion = 17.14.36221.1 d17.14
MinimumVisualStudioVersion = 10.0.40219.1
Project("{FAE04EC0-301F-11D3-BF4B-00C04F79EFBC}") = "Lab1", "Lab1\Lab1.csproj", "{DE43DE40-FD00-4E9B-8E40-2E606E7F0998}"
EndProject
Global
	GlobalSection(SolutionConfigurationPlatforms) = preSolution
		Debug|Any CPU = Debug|Any CPU
		Release|Any CPU = Release|Any CPU
	EndGlobalSection
	GlobalSection(ProjectConfigurationPlatforms) = postSolution
		{DE43DE40-FD00-4E9B-8E40-2E606E7F0998}.Debug|Any CPU.ActiveCfg = Debug|Any CPU
		{DE43DE40-FD00-4E9B-8E40-2E606E7F0998}.Debug|Any CPU.Build.0 = Debug|Any CPU
		{DE43DE40-FD00-4E9B-8E40-2E606E7F0998}.Release|Any CPU.ActiveCfg = Release|Any CPU
		{DE43DE40-FD00-4E9B-8E40-2E606E7F0998}.Release|Any CPU.Build.0 = Release|Any CPU
	EndGlobalSection
	GlobalSection(SolutionProperties) = preSolution
		HideSolutionNode = FALSE
	EndGlobalSection
	GlobalSection(ExtensibilityGlobals) = postSolution
		SolutionGuid = {B143CBA7-0475-40F8-8299-2E237F167658}
	EndGlobalSection
EndGlobal
